
Microsoft Visual Studio Solution File, Format Version 12.00
# Visual Studio Version 17
VisualStudioVersion = 17.13.35417.248 main
MinimumVisualStudioVersion = 10.0.40219.1
Project("{FAE04EC0-301F-11D3-BF4B-00C04F79EFBC}") = "CSharpAwesome", "CSharpAwesome\CSharpAwesome.csproj", "{1031C65A-4ABB-4800-8D24-98398275AF94}"
EndProject
Global
	GlobalSection(SolutionConfigurationPlatforms) = preSolution
		Debug|Any CPU = Debug|Any CPU
		Release|Any CPU = Release|Any CPU
	EndGlobalSection
	GlobalSection(ProjectConfigurationPlatforms) = postSolution
		{1031C65A-4ABB-4800-8D24-98398275AF94}.Debug|Any CPU.ActiveCfg = Debug|Any CPU
		{1031C65A-4ABB-4800-8D24-98398275AF94}.Debug|Any CPU.Build.0 = Debug|Any CPU
		{1031C65A-4ABB-4800-8D24-98398275AF94}.Release|Any CPU.ActiveCfg = Release|Any CPU
		{1031C65A-4ABB-4800-8D24-98398275AF94}.Release|Any CPU.Build.0 = Release|Any CPU
	EndGlobalSection
	GlobalSection(SolutionProperties) = preSolution
		HideSolutionNode = FALSE
	EndGlobalSection
EndGlobal
